// !$*UTF8*$!
{
	archiveVersion = 1;
	classes = {
	};
	objectVersion = 77;
	objects = {

/* Begin PBXBuildFile section */
		964750E92D03286D00A9729C /* SnapKit in Frameworks */ = {isa = PBXBuildFile; productRef = 964750E82D03286D00A9729C /* SnapKit */; };
		966B618A2D1D85A3004D51A3 /* FirebaseAuth in Frameworks */ = {isa = PBXBuildFile; productRef = 966B61892D1D85A3004D51A3 /* FirebaseAuth */; };
		966B618C2D1D85A3004D51A3 /* FirebaseCore in Frameworks */ = {isa = PBXBuildFile; productRef = 966B618B2D1D85A3004D51A3 /* FirebaseCore */; };
		966B618E2D1D85A3004D51A3 /* FirebaseCrashlytics in Frameworks */ = {isa = PBXBuildFile; productRef = 966B618D2D1D85A3004D51A3 /* FirebaseCrashlytics */; };
		966B61902D1D85A3004D51A3 /* FirebaseDatabase in Frameworks */ = {isa = PBXBuildFile; productRef = 966B618F2D1D85A3004D51A3 /* FirebaseDatabase */; };
		966B61952D1D8DC4004D51A3 /* FirebaseAnalytics in Frameworks */ = {isa = PBXBuildFile; productRef = 966B61942D1D8DC4004D51A3 /* FirebaseAnalytics */; };
		967E72C52D2045F300B4E944 /* FirebaseFirestore in Frameworks */ = {isa = PBXBuildFile; productRef = 967E72C42D2045F300B4E944 /* FirebaseFirestore */; };
		96D4BDC62D2315D00036FB98 /* Crypto in Frameworks */ = {isa = PBXBuildFile; productRef = 96D4BDC52D2315D00036FB98 /* Crypto */; };
		96D4BDC82D2315D00036FB98 /* _CryptoExtras in Frameworks */ = {isa = PBXBuildFile; productRef = 96D4BDC72D2315D00036FB98 /* _CryptoExtras */; };
/* End PBXBuildFile section */

/* Begin PBXCopyFilesBuildPhase section */
		969687C92D185CDA00945919 /* Embed Frameworks */ = {
			isa = PBXCopyFilesBuildPhase;
			buildActionMask = 2147483647;
			dstPath = "";
			dstSubfolderSpec = 10;
			files = (
			);
			name = "Embed Frameworks";
			runOnlyForDeploymentPostprocessing = 0;
		};
/* End PBXCopyFilesBuildPhase section */

/* Begin PBXFileReference section */
		964B4C242D02F41700ACE6DF /* Parceit.app */ = {isa = PBXFileReference; explicitFileType = wrapper.application; includeInIndex = 0; path = Parceit.app; sourceTree = BUILT_PRODUCTS_DIR; };
/* End PBXFileReference section */

/* Begin PBXFileSystemSynchronizedBuildFileExceptionSet section */
		964B4C362D02F41800ACE6DF /* Exceptions for "Parceit" folder in "Parceit" target */ = {
			isa = PBXFileSystemSynchronizedBuildFileExceptionSet;
			membershipExceptions = (
				Info.plist,
			);
			target = 964B4C232D02F41700ACE6DF /* Parceit */;
		};
/* End PBXFileSystemSynchronizedBuildFileExceptionSet section */

/* Begin PBXFileSystemSynchronizedGroupBuildPhaseMembershipExceptionSet section */
		96D4BD0F2D227CA10036FB98 /* Exceptions for "Frameworks" folder in "Embed Frameworks" phase from "Parceit" target */ = {
			isa = PBXFileSystemSynchronizedGroupBuildPhaseMembershipExceptionSet;
			attributesByRelativePath = {
				QRReader.xcframework = (CodeSignOnCopy, RemoveHeadersOnCopy, );
			};
			buildPhase = 969687C92D185CDA00945919 /* Embed Frameworks */;
			membershipExceptions = (
				QRReader.xcframework,
			);
		};
/* End PBXFileSystemSynchronizedGroupBuildPhaseMembershipExceptionSet section */

/* Begin PBXFileSystemSynchronizedRootGroup section */
		964B4C262D02F41700ACE6DF /* Parceit */ = {
			isa = PBXFileSystemSynchronizedRootGroup;
			exceptions = (
				964B4C362D02F41800ACE6DF /* Exceptions for "Parceit" folder in "Parceit" target */,
			);
			path = Parceit;
			sourceTree = "<group>";
		};
		96D4BD0C2D227CA10036FB98 /* Frameworks */ = {
			isa = PBXFileSystemSynchronizedRootGroup;
			exceptions = (
				96D4BD0F2D227CA10036FB98 /* Exceptions for "Frameworks" folder in "Embed Frameworks" phase from "Parceit" target */,
			);
			path = Frameworks;
			sourceTree = "<group>";
		};
/* End PBXFileSystemSynchronizedRootGroup section */

/* Begin PBXFrameworksBuildPhase section */
		964B4C212D02F41700ACE6DF /* Frameworks */ = {
			isa = PBXFrameworksBuildPhase;
			buildActionMask = 2147483647;
			files = (
				96D4BDC62D2315D00036FB98 /* Crypto in Frameworks */,
				966B61952D1D8DC4004D51A3 /* FirebaseAnalytics in Frameworks */,
				966B61902D1D85A3004D51A3 /* FirebaseDatabase in Frameworks */,
				96D4BDC82D2315D00036FB98 /* _CryptoExtras in Frameworks */,
				964750E92D03286D00A9729C /* SnapKit in Frameworks */,
				966B618A2D1D85A3004D51A3 /* FirebaseAuth in Frameworks */,
				967E72C52D2045F300B4E944 /* FirebaseFirestore in Frameworks */,
				966B618E2D1D85A3004D51A3 /* FirebaseCrashlytics in Frameworks */,
				966B618C2D1D85A3004D51A3 /* FirebaseCore in Frameworks */,
			);
			runOnlyForDeploymentPostprocessing = 0;
		};
/* End PBXFrameworksBuildPhase section */

/* Begin PBXGroup section */
		964B4C1B2D02F41700ACE6DF = {
			isa = PBXGroup;
			children = (
				964B4C262D02F41700ACE6DF /* Parceit */,
				964B4C252D02F41700ACE6DF /* Products */,
				96D4BD0C2D227CA10036FB98 /* Frameworks */,
			);
			sourceTree = "<group>";
		};
		964B4C252D02F41700ACE6DF /* Products */ = {
			isa = PBXGroup;
			children = (
				964B4C242D02F41700ACE6DF /* Parceit.app */,
			);
			name = Products;
			sourceTree = "<group>";
		};
/* End PBXGroup section */

/* Begin PBXNativeTarget section */
		964B4C232D02F41700ACE6DF /* Parceit */ = {
			isa = PBXNativeTarget;
			buildConfigurationList = 964B4C372D02F41800ACE6DF /* Build configuration list for PBXNativeTarget "Parceit" */;
			buildPhases = (
				964B4C202D02F41700ACE6DF /* Sources */,
				964B4C212D02F41700ACE6DF /* Frameworks */,
				964B4C222D02F41700ACE6DF /* Resources */,
				969687C92D185CDA00945919 /* Embed Frameworks */,
			);
			buildRules = (
			);
			dependencies = (
			);
			fileSystemSynchronizedGroups = (
				964B4C262D02F41700ACE6DF /* Parceit */,
				96D4BD0C2D227CA10036FB98 /* Frameworks */,
			);
			name = Parceit;
			packageProductDependencies = (
				964750E82D03286D00A9729C /* SnapKit */,
				966B61892D1D85A3004D51A3 /* FirebaseAuth */,
				966B618B2D1D85A3004D51A3 /* FirebaseCore */,
				966B618D2D1D85A3004D51A3 /* FirebaseCrashlytics */,
				966B618F2D1D85A3004D51A3 /* FirebaseDatabase */,
				966B61942D1D8DC4004D51A3 /* FirebaseAnalytics */,
				967E72C42D2045F300B4E944 /* FirebaseFirestore */,
				96D4BDC52D2315D00036FB98 /* Crypto */,
				96D4BDC72D2315D00036FB98 /* _CryptoExtras */,
			);
			productName = Parceit;
			productReference = 964B4C242D02F41700ACE6DF /* Parceit.app */;
			productType = "com.apple.product-type.application";
		};
/* End PBXNativeTarget section */

/* Begin PBXProject section */
		964B4C1C2D02F41700ACE6DF /* Project object */ = {
			isa = PBXProject;
			attributes = {
				BuildIndependentTargetsInParallel = 1;
				LastSwiftUpdateCheck = 1610;
				LastUpgradeCheck = 1610;
				TargetAttributes = {
					964B4C232D02F41700ACE6DF = {
						CreatedOnToolsVersion = 16.1;
					};
				};
			};
			buildConfigurationList = 964B4C1F2D02F41700ACE6DF /* Build configuration list for PBXProject "Parceit" */;
			developmentRegion = en;
			hasScannedForEncodings = 0;
			knownRegions = (
				en,
				Base,
			);
			mainGroup = 964B4C1B2D02F41700ACE6DF;
			minimizedProjectReferenceProxies = 1;
			packageReferences = (
				964750E72D03286D00A9729C /* XCRemoteSwiftPackageReference "SnapKit" */,
				966B61882D1D85A3004D51A3 /* XCRemoteSwiftPackageReference "firebase-ios-sdk" */,
				96D4BDC42D2315D00036FB98 /* XCRemoteSwiftPackageReference "swift-crypto" */,
			);
			preferredProjectObjectVersion = 77;
			productRefGroup = 964B4C252D02F41700ACE6DF /* Products */;
			projectDirPath = "";
			projectRoot = "";
			targets = (
				964B4C232D02F41700ACE6DF /* Parceit */,
			);
		};
/* End PBXProject section */

/* Begin PBXResourcesBuildPhase section */
		964B4C222D02F41700ACE6DF /* Resources */ = {
			isa = PBXResourcesBuildPhase;
			buildActionMask = 2147483647;
			files = (
			);
			runOnlyForDeploymentPostprocessing = 0;
		};
/* End PBXResourcesBuildPhase section */

/* Begin PBXSourcesBuildPhase section */
		964B4C202D02F41700ACE6DF /* Sources */ = {
			isa = PBXSourcesBuildPhase;
			buildActionMask = 2147483647;
			files = (
			);
			runOnlyForDeploymentPostprocessing = 0;
		};
/* End PBXSourcesBuildPhase section */

/* Begin XCBuildConfiguration section */
		964B4C382D02F41800ACE6DF /* Debug */ = {
			isa = XCBuildConfiguration;
			buildSettings = {
				ASSETCATALOG_COMPILER_APPICON_NAME = AppIcon;
				ASSETCATALOG_COMPILER_GLOBAL_ACCENT_COLOR_NAME = AccentColor;
				CODE_SIGN_ENTITLEMENTS = Parceit/Parceit.entitlements;
				CODE_SIGN_STYLE = Automatic;
				CURRENT_PROJECT_VERSION = 1;
				DEVELOPMENT_TEAM = 28MJ2TX529;
				GENERATE_INFOPLIST_FILE = YES;
				INFOPLIST_FILE = Parceit/Info.plist;
				INFOPLIST_KEY_UIApplicationSupportsIndirectInputEvents = YES;
				INFOPLIST_KEY_UILaunchStoryboardName = LaunchScreen;
				INFOPLIST_KEY_UISupportedInterfaceOrientations_iPad = "UIInterfaceOrientationPortrait UIInterfaceOrientationPortraitUpsideDown UIInterfaceOrientationLandscapeLeft UIInterfaceOrientationLandscapeRight";
				INFOPLIST_KEY_UISupportedInterfaceOrientations_iPhone = "UIInterfaceOrientationPortrait UIInterfaceOrientationLandscapeLeft UIInterfaceOrientationLandscapeRight";
				IPHONEOS_DEPLOYMENT_TARGET = 17.0;
				LD_RUNPATH_SEARCH_PATHS = (
					"$(inherited)",
					"@executable_path/Frameworks",
				);
				MARKETING_VERSION = 1.0;
				PRODUCT_BUNDLE_IDENTIFIER = com.mertozseven.Parceit;
				PRODUCT_NAME = "$(TARGET_NAME)";
				SWIFT_EMIT_LOC_STRINGS = YES;
				SWIFT_VERSION = 5.0;
				TARGETED_DEVICE_FAMILY = "1,2";
			};
			name = Debug;
		};
		964B4C392D02F41800ACE6DF /* Release */ = {
			isa = XCBuildConfiguration;
			buildSettings = {
				ASSETCATALOG_COMPILER_APPICON_NAME = AppIcon;
				ASSETCATALOG_COMPILER_GLOBAL_ACCENT_COLOR_NAME = AccentColor;
				CODE_SIGN_ENTITLEMENTS = Parceit/Parceit.entitlements;
				CODE_SIGN_STYLE = Automatic;
				CURRENT_PROJECT_VERSION = 1;
				DEVELOPMENT_TEAM = 28MJ2TX529;
				GENERATE_INFOPLIST_FILE = YES;
				INFOPLIST_FILE = Parceit/Info.plist;
				INFOPLIST_KEY_UIApplicationSupportsIndirectInputEvents = YES;
				INFOPLIST_KEY_UILaunchStoryboardName = LaunchScreen;
				INFOPLIST_KEY_UISupportedInterfaceOrientations_iPad = "UIInterfaceOrientationPortrait UIInterfaceOrientationPortraitUpsideDown UIInterfaceOrientationLandscapeLeft UIInterfaceOrientationLandscapeRight";
				INFOPLIST_KEY_UISupportedInterfaceOrientations_iPhone = "UIInterfaceOrientationPortrait UIInterfaceOrientationLandscapeLeft UIInterfaceOrientationLandscapeRight";
				IPHONEOS_DEPLOYMENT_TARGET = 17.0;
				LD_RUNPATH_SEARCH_PATHS = (
					"$(inherited)",
					"@executable_path/Frameworks",
				);
				MARKETING_VERSION = 1.0;
				PRODUCT_BUNDLE_IDENTIFIER = com.mertozseven.Parceit;
				PRODUCT_NAME = "$(TARGET_NAME)";
				SWIFT_EMIT_LOC_STRINGS = YES;
				SWIFT_VERSION = 5.0;
				TARGETED_DEVICE_FAMILY = "1,2";
			};
			name = Release;
		};
		964B4C3A2D02F41800ACE6DF /* Debug */ = {
			isa = XCBuildConfiguration;
			buildSettings = {
				ALWAYS_SEARCH_USER_PATHS = NO;
				ASSETCATALOG_COMPILER_GENERATE_SWIFT_ASSET_SYMBOL_EXTENSIONS = YES;
				CLANG_ANALYZER_NONNULL = YES;
				CLANG_ANALYZER_NUMBER_OBJECT_CONVERSION = YES_AGGRESSIVE;
				CLANG_CXX_LANGUAGE_STANDARD = "gnu++20";
				CLANG_ENABLE_MODULES = YES;
				CLANG_ENABLE_OBJC_ARC = YES;
				CLANG_ENABLE_OBJC_WEAK = YES;
				CLANG_WARN_BLOCK_CAPTURE_AUTORELEASING = YES;
				CLANG_WARN_BOOL_CONVERSION = YES;
				CLANG_WARN_COMMA = YES;
				CLANG_WARN_CONSTANT_CONVERSION = YES;
				CLANG_WARN_DEPRECATED_OBJC_IMPLEMENTATIONS = YES;
				CLANG_WARN_DIRECT_OBJC_ISA_USAGE = YES_ERROR;
				CLANG_WARN_DOCUMENTATION_COMMENTS = YES;
				CLANG_WARN_EMPTY_BODY = YES;
				CLANG_WARN_ENUM_CONVERSION = YES;
				CLANG_WARN_INFINITE_RECURSION = YES;
				CLANG_WARN_INT_CONVERSION = YES;
				CLANG_WARN_NON_LITERAL_NULL_CONVERSION = YES;
				CLANG_WARN_OBJC_IMPLICIT_RETAIN_SELF = YES;
				CLANG_WARN_OBJC_LITERAL_CONVERSION = YES;
				CLANG_WARN_OBJC_ROOT_CLASS = YES_ERROR;
				CLANG_WARN_QUOTED_INCLUDE_IN_FRAMEWORK_HEADER = YES;
				CLANG_WARN_RANGE_LOOP_ANALYSIS = YES;
				CLANG_WARN_STRICT_PROTOTYPES = YES;
				CLANG_WARN_SUSPICIOUS_MOVE = YES;
				CLANG_WARN_UNGUARDED_AVAILABILITY = YES_AGGRESSIVE;
				CLANG_WARN_UNREACHABLE_CODE = YES;
				CLANG_WARN__DUPLICATE_METHOD_MATCH = YES;
				COPY_PHASE_STRIP = NO;
				DEBUG_INFORMATION_FORMAT = dwarf;
				ENABLE_STRICT_OBJC_MSGSEND = YES;
				ENABLE_TESTABILITY = YES;
				ENABLE_USER_SCRIPT_SANDBOXING = YES;
				GCC_C_LANGUAGE_STANDARD = gnu17;
				GCC_DYNAMIC_NO_PIC = NO;
				GCC_NO_COMMON_BLOCKS = YES;
				GCC_OPTIMIZATION_LEVEL = 0;
				GCC_PREPROCESSOR_DEFINITIONS = (
					"DEBUG=1",
					"$(inherited)",
				);
				GCC_WARN_64_TO_32_BIT_CONVERSION = YES;
				GCC_WARN_ABOUT_RETURN_TYPE = YES_ERROR;
				GCC_WARN_UNDECLARED_SELECTOR = YES;
				GCC_WARN_UNINITIALIZED_AUTOS = YES_AGGRESSIVE;
				GCC_WARN_UNUSED_FUNCTION = YES;
				GCC_WARN_UNUSED_VARIABLE = YES;
				IPHONEOS_DEPLOYMENT_TARGET = 18.1;
				LOCALIZATION_PREFERS_STRING_CATALOGS = YES;
				MTL_ENABLE_DEBUG_INFO = INCLUDE_SOURCE;
				MTL_FAST_MATH = YES;
				ONLY_ACTIVE_ARCH = YES;
				SDKROOT = iphoneos;
				SWIFT_ACTIVE_COMPILATION_CONDITIONS = "DEBUG $(inherited)";
				SWIFT_OPTIMIZATION_LEVEL = "-Onone";
			};
			name = Debug;
		};
		964B4C3B2D02F41800ACE6DF /* Release */ = {
			isa = XCBuildConfiguration;
			buildSettings = {
				ALWAYS_SEARCH_USER_PATHS = NO;
				ASSETCATALOG_COMPILER_GENERATE_SWIFT_ASSET_SYMBOL_EXTENSIONS = YES;
				CLANG_ANALYZER_NONNULL = YES;
				CLANG_ANALYZER_NUMBER_OBJECT_CONVERSION = YES_AGGRESSIVE;
				CLANG_CXX_LANGUAGE_STANDARD = "gnu++20";
				CLANG_ENABLE_MODULES = YES;
				CLANG_ENABLE_OBJC_ARC = YES;
				CLANG_ENABLE_OBJC_WEAK = YES;
				CLANG_WARN_BLOCK_CAPTURE_AUTORELEASING = YES;
				CLANG_WARN_BOOL_CONVERSION = YES;
				CLANG_WARN_COMMA = YES;
				CLANG_WARN_CONSTANT_CONVERSION = YES;
				CLANG_WARN_DEPRECATED_OBJC_IMPLEMENTATIONS = YES;
				CLANG_WARN_DIRECT_OBJC_ISA_USAGE = YES_ERROR;
				CLANG_WARN_DOCUMENTATION_COMMENTS = YES;
				CLANG_WARN_EMPTY_BODY = YES;
				CLANG_WARN_ENUM_CONVERSION = YES;
				CLANG_WARN_INFINITE_RECURSION = YES;
				CLANG_WARN_INT_CONVERSION = YES;
				CLANG_WARN_NON_LITERAL_NULL_CONVERSION = YES;
				CLANG_WARN_OBJC_IMPLICIT_RETAIN_SELF = YES;
				CLANG_WARN_OBJC_LITERAL_CONVERSION = YES;
				CLANG_WARN_OBJC_ROOT_CLASS = YES_ERROR;
				CLANG_WARN_QUOTED_INCLUDE_IN_FRAMEWORK_HEADER = YES;
				CLANG_WARN_RANGE_LOOP_ANALYSIS = YES;
				CLANG_WARN_STRICT_PROTOTYPES = YES;
				CLANG_WARN_SUSPICIOUS_MOVE = YES;
				CLANG_WARN_UNGUARDED_AVAILABILITY = YES_AGGRESSIVE;
				CLANG_WARN_UNREACHABLE_CODE = YES;
				CLANG_WARN__DUPLICATE_METHOD_MATCH = YES;
				COPY_PHASE_STRIP = NO;
				DEBUG_INFORMATION_FORMAT = "dwarf-with-dsym";
				ENABLE_NS_ASSERTIONS = NO;
				ENABLE_STRICT_OBJC_MSGSEND = YES;
				ENABLE_USER_SCRIPT_SANDBOXING = YES;
				GCC_C_LANGUAGE_STANDARD = gnu17;
				GCC_NO_COMMON_BLOCKS = YES;
				GCC_WARN_64_TO_32_BIT_CONVERSION = YES;
				GCC_WARN_ABOUT_RETURN_TYPE = YES_ERROR;
				GCC_WARN_UNDECLARED_SELECTOR = YES;
				GCC_WARN_UNINITIALIZED_AUTOS = YES_AGGRESSIVE;
				GCC_WARN_UNUSED_FUNCTION = YES;
				GCC_WARN_UNUSED_VARIABLE = YES;
				IPHONEOS_DEPLOYMENT_TARGET = 18.1;
				LOCALIZATION_PREFERS_STRING_CATALOGS = YES;
				MTL_ENABLE_DEBUG_INFO = NO;
				MTL_FAST_MATH = YES;
				SDKROOT = iphoneos;
				SWIFT_COMPILATION_MODE = wholemodule;
				VALIDATE_PRODUCT = YES;
			};
			name = Release;
		};
/* End XCBuildConfiguration section */

/* Begin XCConfigurationList section */
		964B4C1F2D02F41700ACE6DF /* Build configuration list for PBXProject "Parceit" */ = {
			isa = XCConfigurationList;
			buildConfigurations = (
				964B4C3A2D02F41800ACE6DF /* Debug */,
				964B4C3B2D02F41800ACE6DF /* Release */,
			);
			defaultConfigurationIsVisible = 0;
			defaultConfigurationName = Release;
		};
		964B4C372D02F41800ACE6DF /* Build configuration list for PBXNativeTarget "Parceit" */ = {
			isa = XCConfigurationList;
			buildConfigurations = (
				964B4C382D02F41800ACE6DF /* Debug */,
				964B4C392D02F41800ACE6DF /* Release */,
			);
			defaultConfigurationIsVisible = 0;
			defaultConfigurationName = Release;
		};
/* End XCConfigurationList section */

/* Begin XCRemoteSwiftPackageReference section */
		964750E72D03286D00A9729C /* XCRemoteSwiftPackageReference "SnapKit" */ = {
			isa = XCRemoteSwiftPackageReference;
			repositoryURL = "https://github.com/SnapKit/SnapKit";
			requirement = {
				kind = upToNextMajorVersion;
				minimumVersion = 5.7.1;
			};
		};
		966B61882D1D85A3004D51A3 /* XCRemoteSwiftPackageReference "firebase-ios-sdk" */ = {
			isa = XCRemoteSwiftPackageReference;
			repositoryURL = "https://github.com/firebase/firebase-ios-sdk";
			requirement = {
				kind = upToNextMajorVersion;
				minimumVersion = 11.6.0;
			};
		};
		96D4BDC42D2315D00036FB98 /* XCRemoteSwiftPackageReference "swift-crypto" */ = {
			isa = XCRemoteSwiftPackageReference;
			repositoryURL = "https://github.com/apple/swift-crypto.git";
			requirement = {
				kind = upToNextMajorVersion;
				minimumVersion = 3.10.0;
			};
		};
/* End XCRemoteSwiftPackageReference section */

/* Begin XCSwiftPackageProductDependency section */
		964750E82D03286D00A9729C /* SnapKit */ = {
			isa = XCSwiftPackageProductDependency;
			package = 964750E72D03286D00A9729C /* XCRemoteSwiftPackageReference "SnapKit" */;
			productName = SnapKit;
		};
		966B61892D1D85A3004D51A3 /* FirebaseAuth */ = {
			isa = XCSwiftPackageProductDependency;
			package = 966B61882D1D85A3004D51A3 /* XCRemoteSwiftPackageReference "firebase-ios-sdk" */;
			productName = FirebaseAuth;
		};
		966B618B2D1D85A3004D51A3 /* FirebaseCore */ = {
			isa = XCSwiftPackageProductDependency;
			package = 966B61882D1D85A3004D51A3 /* XCRemoteSwiftPackageReference "firebase-ios-sdk" */;
			productName = FirebaseCore;
		};
		966B618D2D1D85A3004D51A3 /* FirebaseCrashlytics */ = {
			isa = XCSwiftPackageProductDependency;
			package = 966B61882D1D85A3004D51A3 /* XCRemoteSwiftPackageReference "firebase-ios-sdk" */;
			productName = FirebaseCrashlytics;
		};
		966B618F2D1D85A3004D51A3 /* FirebaseDatabase */ = {
			isa = XCSwiftPackageProductDependency;
			package = 966B61882D1D85A3004D51A3 /* XCRemoteSwiftPackageReference "firebase-ios-sdk" */;
			productName = FirebaseDatabase;
		};
		966B61942D1D8DC4004D51A3 /* FirebaseAnalytics */ = {
			isa = XCSwiftPackageProductDependency;
			package = 966B61882D1D85A3004D51A3 /* XCRemoteSwiftPackageReference "firebase-ios-sdk" */;
			productName = FirebaseAnalytics;
		};
		967E72C42D2045F300B4E944 /* FirebaseFirestore */ = {
			isa = XCSwiftPackageProductDependency;
			package = 966B61882D1D85A3004D51A3 /* XCRemoteSwiftPackageReference "firebase-ios-sdk" */;
			productName = FirebaseFirestore;
		};
		96D4BDC52D2315D00036FB98 /* Crypto */ = {
			isa = XCSwiftPackageProductDependency;
			package = 96D4BDC42D2315D00036FB98 /* XCRemoteSwiftPackageReference "swift-crypto" */;
			productName = Crypto;
		};
		96D4BDC72D2315D00036FB98 /* _CryptoExtras */ = {
			isa = XCSwiftPackageProductDependency;
			package = 96D4BDC42D2315D00036FB98 /* XCRemoteSwiftPackageReference "swift-crypto" */;
			productName = _CryptoExtras;
		};
/* End XCSwiftPackageProductDependency section */
	};
	rootObject = 964B4C1C2D02F41700ACE6DF /* Project object */;
}
